
Microsoft Visual Studio Solution File, Format Version 12.00
# Visual Studio Version 16
VisualStudioVersion = 16.0.30611.23
MinimumVisualStudioVersion = 10.0.40219.1
Project("{FAE04EC0-301F-11D3-BF4B-00C04F79EFBC}") = "chuckswapic", "chuckswapic\chuckswapic.csproj", "{FA2DDE70-8AAE-4A60-BA65-575580106BEC}"
EndProject
Global
	GlobalSection(SolutionConfigurationPlatforms) = preSolution
		Debug|Any CPU = Debug|Any CPU
		Release|Any CPU = Release|Any CPU
	EndGlobalSection
	GlobalSection(ProjectConfigurationPlatforms) = postSolution
		{FA2DDE70-8AAE-4A60-BA65-575580106BEC}.Debug|Any CPU.ActiveCfg = Debug|Any CPU
		{FA2DDE70-8AAE-4A60-BA65-575580106BEC}.Debug|Any CPU.Build.0 = Debug|Any CPU
		{FA2DDE70-8AAE-4A60-BA65-575580106BEC}.Release|Any CPU.ActiveCfg = Release|Any CPU
		{FA2DDE70-8AAE-4A60-BA65-575580106BEC}.Release|Any CPU.Build.0 = Release|Any CPU
	EndGlobalSection
	GlobalSection(SolutionProperties) = preSolution
		HideSolutionNode = FALSE
	EndGlobalSection
	GlobalSection(ExtensibilityGlobals) = postSolution
		SolutionGuid = {1A386FD1-1BA3-4CFD-9145-E16431A8FDD4}
	EndGlobalSection
EndGlobal
